Microsoft Visual Studio Solution File, Format Version 12.00
# Visual Studio Version 17
VisualStudioVersion = 17.5.2.0
MinimumVisualStudioVersion = 10.0.40219.1
Project("{2150E333-8FDC-42A3-9474-1A3956D46DE8}") = "src", "src", "{827E0CD3-B72D-47B6-A68D-7590B98EB39B}"
EndProject
Project("{FAE04EC0-301F-11D3-BF4B-00C04F79EFBC}") = "Motorcycle.Domain", "src\Motorcycle.Domain\Motorcycle.Domain.csproj", "{4E0552A3-571E-1D7B-D9EE-D0171247F336}"
EndProject
Project("{2150E333-8FDC-42A3-9474-1A3956D46DE8}") = "tests", "tests", "{27A472C6-37B1-4F7B-A37D-B606C95DE74D}"
EndProject
Project("{FAE04EC0-301F-11D3-BF4B-00C04F79EFBC}") = "Motorcycle.Validators.Tests", "tests\Motorcycle.Validators.Tests\Motorcycle.Validators.Tests.csproj", "{C1398B11-66A5-4CF6-879E-3B9BDA2616A7}"
EndProject
Project("{FAE04EC0-301F-11D3-BF4B-00C04F79EFBC}") = "Motorcycle.Services.Tests", "tests\Motorcycle.Services.Tests\Motorcycle.Services.Tests.csproj", "{80D615DA-B381-414E-8595-50C7E8B6C94B}"
EndProject
Global
	GlobalSection(SolutionConfigurationPlatforms) = preSolution
		Debug|Any CPU = Debug|Any CPU
		Release|Any CPU = Release|Any CPU
	EndGlobalSection
	GlobalSection(ProjectConfigurationPlatforms) = postSolution
		{4E0552A3-571E-1D7B-D9EE-D0171247F336}.Debug|Any CPU.ActiveCfg = Debug|Any CPU
		{4E0552A3-571E-1D7B-D9EE-D0171247F336}.Debug|Any CPU.Build.0 = Debug|Any CPU
		{4E0552A3-571E-1D7B-D9EE-D0171247F336}.Release|Any CPU.ActiveCfg = Release|Any CPU
		{4E0552A3-571E-1D7B-D9EE-D0171247F336}.Release|Any CPU.Build.0 = Release|Any CPU
		{C1398B11-66A5-4CF6-879E-3B9BDA2616A7}.Debug|Any CPU.ActiveCfg = Debug|Any CPU
		{C1398B11-66A5-4CF6-879E-3B9BDA2616A7}.Debug|Any CPU.Build.0 = Debug|Any CPU
		{C1398B11-66A5-4CF6-879E-3B9BDA2616A7}.Release|Any CPU.ActiveCfg = Release|Any CPU
		{C1398B11-66A5-4CF6-879E-3B9BDA2616A7}.Release|Any CPU.Build.0 = Release|Any CPU
		{80D615DA-B381-414E-8595-50C7E8B6C94B}.Debug|Any CPU.ActiveCfg = Debug|Any CPU
		{80D615DA-B381-414E-8595-50C7E8B6C94B}.Debug|Any CPU.Build.0 = Debug|Any CPU
		{80D615DA-B381-414E-8595-50C7E8B6C94B}.Release|Any CPU.ActiveCfg = Release|Any CPU
		{80D615DA-B381-414E-8595-50C7E8B6C94B}.Release|Any CPU.Build.0 = Release|Any CPU
	EndGlobalSection
	GlobalSection(SolutionProperties) = preSolution
		HideSolutionNode = FALSE
	EndGlobalSection
	GlobalSection(NestedProjects) = preSolution
		{4E0552A3-571E-1D7B-D9EE-D0171247F336} = {827E0CD3-B72D-47B6-A68D-7590B98EB39B}
		{C1398B11-66A5-4CF6-879E-3B9BDA2616A7} = {27A472C6-37B1-4F7B-A37D-B606C95DE74D}
		{80D615DA-B381-414E-8595-50C7E8B6C94B} = {27A472C6-37B1-4F7B-A37D-B606C95DE74D}
	EndGlobalSection
	GlobalSection(ExtensibilityGlobals) = postSolution
		SolutionGuid = {7D020169-017A-4EC0-A0F2-C05DE51BB752}
	EndGlobalSection
EndGlobal
